// !$*UTF8*$!
{
	archiveVersion = 1;
	classes = {
	};
	objectVersion = 50;
	objects = {

/* Begin PBXBuildFile section */
		95E2029324861DDC0043A7BB /* AppDelegate.swift in Sources */ = {isa = PBXBuildFile; fileRef = 95E2029224861DDC0043A7BB /* AppDelegate.swift */; };
		95E2029524861DDC0043A7BB /* SceneDelegate.swift in Sources */ = {isa = PBXBuildFile; fileRef = 95E2029424861DDC0043A7BB /* SceneDelegate.swift */; };
		95E2029A24861DDC0043A7BB /* Main.storyboard in Resources */ = {isa = PBXBuildFile; fileRef = 95E2029824861DDC0043A7BB /* Main.storyboard */; };
		95E2029C24861DE00043A7BB /* Assets.xcassets in Resources */ = {isa = PBXBuildFile; fileRef = 95E2029B24861DE00043A7BB /* Assets.xcassets */; };
		95E2029F24861DE00043A7BB /* LaunchScreen.storyboard in Resources */ = {isa = PBXBuildFile; fileRef = 95E2029D24861DE00043A7BB /* LaunchScreen.storyboard */; };
		95E202B02486275B0043A7BB /* TableViewCell.swift in Sources */ = {isa = PBXBuildFile; fileRef = 95E202AE2486275B0043A7BB /* TableViewCell.swift */; };
		95E202B12486275B0043A7BB /* TableViewCell.xib in Resources */ = {isa = PBXBuildFile; fileRef = 95E202AF2486275B0043A7BB /* TableViewCell.xib */; };
		95E202B3248627970043A7BB /* TableViewController.swift in Sources */ = {isa = PBXBuildFile; fileRef = 95E202B2248627970043A7BB /* TableViewController.swift */; };
		95E202B624862A2A0043A7BB /* TableViewCell2.swift in Sources */ = {isa = PBXBuildFile; fileRef = 95E202B424862A2A0043A7BB /* TableViewCell2.swift */; };
		95E202B724862A2A0043A7BB /* TableViewCell2.xib in Resources */ = {isa = PBXBuildFile; fileRef = 95E202B524862A2A0043A7BB /* TableViewCell2.xib */; };
/* End PBXBuildFile section */

/* Begin PBXFileReference section */
		95E2028F24861DDC0043A7BB /* xibFileTest.app */ = {isa = PBXFileReference; explicitFileType = wrapper.application; includeInIndex = 0; path = xibFileTest.app; sourceTree = BUILT_PRODUCTS_DIR; };
		95E2029224861DDC0043A7BB /* AppDelegate.swift */ = {isa = PBXFileReference; lastKnownFileType = sourcecode.swift; path = AppDelegate.swift; sourceTree = "<group>"; };
		95E2029424861DDC0043A7BB /* SceneDelegate.swift */ = {isa = PBXFileReference; lastKnownFileType = sourcecode.swift; path = SceneDelegate.swift; sourceTree = "<group>"; };
		95E2029924861DDC0043A7BB /* Base */ = {isa = PBXFileReference; lastKnownFileType = file.storyboard; name = Base; path = Base.lproj/Main.storyboard; sourceTree = "<group>"; };
		95E2029B24861DE00043A7BB /* Assets.xcassets */ = {isa = PBXFileReference; lastKnownFileType = folder.assetcatalog; path = Assets.xcassets; sourceTree = "<group>"; };
		95E2029E24861DE00043A7BB /* Base */ = {isa = PBXFileReference; lastKnownFileType = file.storyboard; name = Base; path = Base.lproj/LaunchScreen.storyboard; sourceTree = "<group>"; };
		95E202A024861DE00043A7BB /* Info.plist */ = {isa = PBXFileReference; lastKnownFileType = text.plist.xml; path = Info.plist; sourceTree = "<group>"; };
		95E202AE2486275B0043A7BB /* TableViewCell.swift */ = {isa = PBXFileReference; lastKnownFileType = sourcecode.swift; path = TableViewCell.swift; sourceTree = "<group>"; };
		95E202AF2486275B0043A7BB /* TableViewCell.xib */ = {isa = PBXFileReference; lastKnownFileType = file.xib; path = TableViewCell.xib; sourceTree = "<group>"; };
		95E202B2248627970043A7BB /* TableViewController.swift */ = {isa = PBXFileReference; lastKnownFileType = sourcecode.swift; path = TableViewController.swift; sourceTree = "<group>"; };
		95E202B424862A2A0043A7BB /* TableViewCell2.swift */ = {isa = PBXFileReference; lastKnownFileType = sourcecode.swift; path = TableViewCell2.swift; sourceTree = "<group>"; };
		95E202B524862A2A0043A7BB /* TableViewCell2.xib */ = {isa = PBXFileReference; lastKnownFileType = file.xib; path = TableViewCell2.xib; sourceTree = "<group>"; };
/* End PBXFileReference section */

/* Begin PBXFrameworksBuildPhase section */
		95E2028C24861DDC0043A7BB /* Frameworks */ = {
			isa = PBXFrameworksBuildPhase;
			buildActionMask = 2147483647;
			files = (
			);
			runOnlyForDeploymentPostprocessing = 0;
		};
/* End PBXFrameworksBuildPhase section */

/* Begin PBXGroup section */
		95E2028624861DDC0043A7BB = {
			isa = PBXGroup;
			children = (
				95E2029124861DDC0043A7BB /* xibFileTest */,
				95E2029024861DDC0043A7BB /* Products */,
			);
			sourceTree = "<group>";
		};
		95E2029024861DDC0043A7BB /* Products */ = {
			isa = PBXGroup;
			children = (
				95E2028F24861DDC0043A7BB /* xibFileTest.app */,
			);
			name = Products;
			sourceTree = "<group>";
		};
		95E2029124861DDC0043A7BB /* xibFileTest */ = {
			isa = PBXGroup;
			children = (
				95E2029224861DDC0043A7BB /* AppDelegate.swift */,
				95E2029424861DDC0043A7BB /* SceneDelegate.swift */,
				95E2029824861DDC0043A7BB /* Main.storyboard */,
				95E2029B24861DE00043A7BB /* Assets.xcassets */,
				95E2029D24861DE00043A7BB /* LaunchScreen.storyboard */,
				95E202A024861DE00043A7BB /* Info.plist */,
				95E202B2248627970043A7BB /* TableViewController.swift */,
				95E202AE2486275B0043A7BB /* TableViewCell.swift */,
				95E202AF2486275B0043A7BB /* TableViewCell.xib */,
				95E202B424862A2A0043A7BB /* TableViewCell2.swift */,
				95E202B524862A2A0043A7BB /* TableViewCell2.xib */,
			);
			path = xibFileTest;
			sourceTree = "<group>";
		};
/* End PBXGroup section */

/* Begin PBXNativeTarget section */
		95E2028E24861DDC0043A7BB /* xibFileTest */ = {
			isa = PBXNativeTarget;
			buildConfigurationList = 95E202A324861DE00043A7BB /* Build configuration list for PBXNativeTarget "xibFileTest" */;
			buildPhases = (
				95E2028B24861DDC0043A7BB /* Sources */,
				95E2028C24861DDC0043A7BB /* Frameworks */,
				95E2028D24861DDC0043A7BB /* Resources */,
			);
			buildRules = (
			);
			dependencies = (
			);
			name = xibFileTest;
			productName = xibFileTest;
			productReference = 95E2028F24861DDC0043A7BB /* xibFileTest.app */;
			productType = "com.apple.product-type.application";
		};
/* End PBXNativeTarget section */

/* Begin PBXProject section */
		95E2028724861DDC0043A7BB /* Project object */ = {
			isa = PBXProject;
			attributes = {
				LastSwiftUpdateCheck = 1140;
				LastUpgradeCheck = 1140;
				ORGANIZATIONNAME = "Yuki Shinohara";
				TargetAttributes = {
					95E2028E24861DDC0043A7BB = {
						CreatedOnToolsVersion = 11.4;
					};
				};
			};
			buildConfigurationList = 95E2028A24861DDC0043A7BB /* Build configuration list for PBXProject "xibFileTest" */;
			compatibilityVersion = "Xcode 9.3";
			developmentRegion = en;
			hasScannedForEncodings = 0;
			knownRegions = (
				en,
				Base,
			);
			mainGroup = 95E2028624861DDC0043A7BB;
			productRefGroup = 95E2029024861DDC0043A7BB /* Products */;
			projectDirPath = "";
			projectRoot = "";
			targets = (
				95E2028E24861DDC0043A7BB /* xibFileTest */,
			);
		};
/* End PBXProject section */

/* Begin PBXResourcesBuildPhase section */
		95E2028D24861DDC0043A7BB /* Resources */ = {
			isa = PBXResourcesBuildPhase;
			buildActionMask = 2147483647;
			files = (
				95E202B724862A2A0043A7BB /* TableViewCell2.xib in Resources */,
				95E2029F24861DE00043A7BB /* LaunchScreen.storyboard in Resources */,
				95E202B12486275B0043A7BB /* TableViewCell.xib in Resources */,
				95E2029C24861DE00043A7BB /* Assets.xcassets in Resources */,
				95E2029A24861DDC0043A7BB /* Main.storyboard in Resources */,
			);
			runOnlyForDeploymentPostprocessing = 0;
		};
/* End PBXResourcesBuildPhase section */

/* Begin PBXSourcesBuildPhase section */
		95E2028B24861DDC0043A7BB /* Sources */ = {
			isa = PBXSourcesBuildPhase;
			buildActionMask = 2147483647;
			files = (
				95E202B624862A2A0043A7BB /* TableViewCell2.swift in Sources */,
				95E202B02486275B0043A7BB /* TableViewCell.swift in Sources */,
				95E2029324861DDC0043A7BB /* AppDelegate.swift in Sources */,
				95E2029524861DDC0043A7BB /* SceneDelegate.swift in Sources */,
				95E202B3248627970043A7BB /* TableViewController.swift in Sources */,
			);
			runOnlyForDeploymentPostprocessing = 0;
		};
/* End PBXSourcesBuildPhase section */

/* Begin PBXVariantGroup section */
		95E2029824861DDC0043A7BB /* Main.storyboard */ = {
			isa = PBXVariantGroup;
			children = (
				95E2029924861DDC0043A7BB /* Base */,
			);
			name = Main.storyboard;
			sourceTree = "<group>";
		};
		95E2029D24861DE00043A7BB /* LaunchScreen.storyboard */ = {
			isa = PBXVariantGroup;
			children = (
				95E2029E24861DE00043A7BB /* Base */,
			);
			name = LaunchScreen.storyboard;
			sourceTree = "<group>";
		};
/* End PBXVariantGroup section */

/* Begin XCBuildConfiguration section */
		95E202A124861DE00043A7BB /* Debug */ = {
			isa = XCBuildConfiguration;
			buildSettings = {
				ALWAYS_SEARCH_USER_PATHS = NO;
				CLANG_ANALYZER_NONNULL = YES;
				CLANG_ANALYZER_NUMBER_OBJECT_CONVERSION = YES_AGGRESSIVE;
				CLANG_CXX_LANGUAGE_STANDARD = "gnu++14";
				CLANG_CXX_LIBRARY = "libc++";
				CLANG_ENABLE_MODULES = YES;
				CLANG_ENABLE_OBJC_ARC = YES;
				CLANG_ENABLE_OBJC_WEAK = YES;
				CLANG_WARN_BLOCK_CAPTURE_AUTORELEASING = YES;
				CLANG_WARN_BOOL_CONVERSION = YES;
				CLANG_WARN_COMMA = YES;
				CLANG_WARN_CONSTANT_CONVERSION = YES;
				CLANG_WARN_DEPRECATED_OBJC_IMPLEMENTATIONS = YES;
				CLANG_WARN_DIRECT_OBJC_ISA_USAGE = YES_ERROR;
				CLANG_WARN_DOCUMENTATION_COMMENTS = YES;
				CLANG_WARN_EMPTY_BODY = YES;
				CLANG_WARN_ENUM_CONVERSION = YES;
				CLANG_WARN_INFINITE_RECURSION = YES;
				CLANG_WARN_INT_CONVERSION = YES;
				CLANG_WARN_NON_LITERAL_NULL_CONVERSION = YES;
				CLANG_WARN_OBJC_IMPLICIT_RETAIN_SELF = YES;
				CLANG_WARN_OBJC_LITERAL_CONVERSION = YES;
				CLANG_WARN_OBJC_ROOT_CLASS = YES_ERROR;
				CLANG_WARN_RANGE_LOOP_ANALYSIS = YES;
				CLANG_WARN_STRICT_PROTOTYPES = YES;
				CLANG_WARN_SUSPICIOUS_MOVE = YES;
				CLANG_WARN_UNGUARDED_AVAILABILITY = YES_AGGRESSIVE;
				CLANG_WARN_UNREACHABLE_CODE = YES;
				CLANG_WARN__DUPLICATE_METHOD_MATCH = YES;
				COPY_PHASE_STRIP = NO;
				DEBUG_INFORMATION_FORMAT = dwarf;
				ENABLE_STRICT_OBJC_MSGSEND = YES;
				ENABLE_TESTABILITY = YES;
				GCC_C_LANGUAGE_STANDARD = gnu11;
				GCC_DYNAMIC_NO_PIC = NO;
				GCC_NO_COMMON_BLOCKS = YES;
				GCC_OPTIMIZATION_LEVEL = 0;
				GCC_PREPROCESSOR_DEFINITIONS = (
					"DEBUG=1",
					"$(inherited)",
				);
				GCC_WARN_64_TO_32_BIT_CONVERSION = YES;
				GCC_WARN_ABOUT_RETURN_TYPE = YES_ERROR;
				GCC_WARN_UNDECLARED_SELECTOR = YES;
				GCC_WARN_UNINITIALIZED_AUTOS = YES_AGGRESSIVE;
				GCC_WARN_UNUSED_FUNCTION = YES;
				GCC_WARN_UNUSED_VARIABLE = YES;
				IPHONEOS_DEPLOYMENT_TARGET = 13.4;
				MTL_ENABLE_DEBUG_INFO = INCLUDE_SOURCE;
				MTL_FAST_MATH = YES;
				ONLY_ACTIVE_ARCH = YES;
				SDKROOT = iphoneos;
				SWIFT_ACTIVE_COMPILATION_CONDITIONS = DEBUG;
				SWIFT_OPTIMIZATION_LEVEL = "-Onone";
			};
			name = Debug;
		};
		95E202A224861DE00043A7BB /* Release */ = {
			isa = XCBuildConfiguration;
			buildSettings = {
				ALWAYS_SEARCH_USER_PATHS = NO;
				CLANG_ANALYZER_NONNULL = YES;
				CLANG_ANALYZER_NUMBER_OBJECT_CONVERSION = YES_AGGRESSIVE;
				CLANG_CXX_LANGUAGE_STANDARD = "gnu++14";
				CLANG_CXX_LIBRARY = "libc++";
				CLANG_ENABLE_MODULES = YES;
				CLANG_ENABLE_OBJC_ARC = YES;
				CLANG_ENABLE_OBJC_WEAK = YES;
				CLANG_WARN_BLOCK_CAPTURE_AUTORELEASING = YES;
				CLANG_WARN_BOOL_CONVERSION = YES;
				CLANG_WARN_COMMA = YES;
				CLANG_WARN_CONSTANT_CONVERSION = YES;
				CLANG_WARN_DEPRECATED_OBJC_IMPLEMENTATIONS = YES;
				CLANG_WARN_DIRECT_OBJC_ISA_USAGE = YES_ERROR;
				CLANG_WARN_DOCUMENTATION_COMMENTS = YES;
				CLANG_WARN_EMPTY_BODY = YES;
				CLANG_WARN_ENUM_CONVERSION = YES;
				CLANG_WARN_INFINITE_RECURSION = YES;
				CLANG_WARN_INT_CONVERSION = YES;
				CLANG_WARN_NON_LITERAL_NULL_CONVERSION = YES;
				CLANG_WARN_OBJC_IMPLICIT_RETAIN_SELF = YES;
				CLANG_WARN_OBJC_LITERAL_CONVERSION = YES;
				CLANG_WARN_OBJC_ROOT_CLASS = YES_ERROR;
				CLANG_WARN_RANGE_LOOP_ANALYSIS = YES;
				CLANG_WARN_STRICT_PROTOTYPES = YES;
				CLANG_WARN_SUSPICIOUS_MOVE = YES;
				CLANG_WARN_UNGUARDED_AVAILABILITY = YES_AGGRESSIVE;
				CLANG_WARN_UNREACHABLE_CODE = YES;
				CLANG_WARN__DUPLICATE_METHOD_MATCH = YES;
				COPY_PHASE_STRIP = NO;
				DEBUG_INFORMATION_FORMAT = "dwarf-with-dsym";
				ENABLE_NS_ASSERTIONS = NO;
				ENABLE_STRICT_OBJC_MSGSEND = YES;
				GCC_C_LANGUAGE_STANDARD = gnu11;
				GCC_NO_COMMON_BLOCKS = YES;
				GCC_WARN_64_TO_32_BIT_CONVERSION = YES;
				GCC_WARN_ABOUT_RETURN_TYPE = YES_ERROR;
				GCC_WARN_UNDECLARED_SELECTOR = YES;
				GCC_WARN_UNINITIALIZED_AUTOS = YES_AGGRESSIVE;
				GCC_WARN_UNUSED_FUNCTION = YES;
				GCC_WARN_UNUSED_VARIABLE = YES;
				IPHONEOS_DEPLOYMENT_TARGET = 13.4;
				MTL_ENABLE_DEBUG_INFO = NO;
				MTL_FAST_MATH = YES;
				SDKROOT = iphoneos;
				SWIFT_COMPILATION_MODE = wholemodule;
				SWIFT_OPTIMIZATION_LEVEL = "-O";
				VALIDATE_PRODUCT = YES;
			};
			name = Release;
		};
		95E202A424861DE00043A7BB /* Debug */ = {
			isa = XCBuildConfiguration;
			buildSettings = {
				ASSETCATALOG_COMPILER_APPICON_NAME = AppIcon;
				CODE_SIGN_STYLE = Automatic;
				DEVELOPMENT_TEAM = 7RFPAQ2NAA;
				INFOPLIST_FILE = xibFileTest/Info.plist;
				LD_RUNPATH_SEARCH_PATHS = (
					"$(inherited)",
					"@executable_path/Frameworks",
				);
				PRODUCT_BUNDLE_IDENTIFIER = com.shino.xibFileTest;
				PRODUCT_NAME = "$(TARGET_NAME)";
				SWIFT_VERSION = 5.0;
				TARGETED_DEVICE_FAMILY = "1,2";
			};
			name = Debug;
		};
		95E202A524861DE00043A7BB /* Release */ = {
			isa = XCBuildConfiguration;
			buildSettings = {
				ASSETCATALOG_COMPILER_APPICON_NAME = AppIcon;
				CODE_SIGN_STYLE = Automatic;
				DEVELOPMENT_TEAM = 7RFPAQ2NAA;
				INFOPLIST_FILE = xibFileTest/Info.plist;
				LD_RUNPATH_SEARCH_PATHS = (
					"$(inherited)",
					"@executable_path/Frameworks",
				);
				PRODUCT_BUNDLE_IDENTIFIER = com.shino.xibFileTest;
				PRODUCT_NAME = "$(TARGET_NAME)";
				SWIFT_VERSION = 5.0;
				TARGETED_DEVICE_FAMILY = "1,2";
			};
			name = Release;
		};
/* End XCBuildConfiguration section */

/* Begin XCConfigurationList section */
		95E2028A24861DDC0043A7BB /* Build configuration list for PBXProject "xibFileTest" */ = {
			isa = XCConfigurationList;
			buildConfigurations = (
				95E202A124861DE00043A7BB /* Debug */,
				95E202A224861DE00043A7BB /* Release */,
			);
			defaultConfigurationIsVisible = 0;
			defaultConfigurationName = Release;
		};
		95E202A324861DE00043A7BB /* Build configuration list for PBXNativeTarget "xibFileTest" */ = {
			isa = XCConfigurationList;
			buildConfigurations = (
				95E202A424861DE00043A7BB /* Debug */,
				95E202A524861DE00043A7BB /* Release */,
			);
			defaultConfigurationIsVisible = 0;
			defaultConfigurationName = Release;
		};
/* End XCConfigurationList section */
	};
	rootObject = 95E2028724861DDC0043A7BB /* Project object */;
}
